
Microsoft Visual Studio Solution File, Format Version 12.00
# Visual Studio 15
VisualStudioVersion = 15.0.27703.2042
MinimumVisualStudioVersion = 10.0.40219.1
Project("{FAE04EC0-301F-11D3-BF4B-00C04F79EFBC}") = "PublicAPIToolkit", "PublicAPIToolkit\PublicAPIToolkit.csproj", "{56344BC2-3EEE-48BF-A098-D85133C96B87}"
EndProject
Project("{FAE04EC0-301F-11D3-BF4B-00C04F79EFBC}") = "PublicAPIToolkit.Tests", "PublicAPIToolkit.Tests\PublicAPIToolkit.Tests.csproj", "{B9A6B7E5-4CCC-434A-8291-B2E4436C4424}"
EndProject
Global
	GlobalSection(SolutionConfigurationPlatforms) = preSolution
		Debug|Any CPU = Debug|Any CPU
		Release|Any CPU = Release|Any CPU
	EndGlobalSection
	GlobalSection(ProjectConfigurationPlatforms) = postSolution
		{56344BC2-3EEE-48BF-A098-D85133C96B87}.Debug|Any CPU.ActiveCfg = Debug|Any CPU
		{56344BC2-3EEE-48BF-A098-D85133C96B87}.Debug|Any CPU.Build.0 = Debug|Any CPU
		{56344BC2-3EEE-48BF-A098-D85133C96B87}.Release|Any CPU.ActiveCfg = Release|Any CPU
		{56344BC2-3EEE-48BF-A098-D85133C96B87}.Release|Any CPU.Build.0 = Release|Any CPU
		{B9A6B7E5-4CCC-434A-8291-B2E4436C4424}.Debug|Any CPU.ActiveCfg = Debug|Any CPU
		{B9A6B7E5-4CCC-434A-8291-B2E4436C4424}.Debug|Any CPU.Build.0 = Debug|Any CPU
		{B9A6B7E5-4CCC-434A-8291-B2E4436C4424}.Release|Any CPU.ActiveCfg = Release|Any CPU
		{B9A6B7E5-4CCC-434A-8291-B2E4436C4424}.Release|Any CPU.Build.0 = Release|Any CPU
	EndGlobalSection
	GlobalSection(SolutionProperties) = preSolution
		HideSolutionNode = FALSE
	EndGlobalSection
	GlobalSection(ExtensibilityGlobals) = postSolution
		SolutionGuid = {1B92187D-0561-47D3-AADC-58C7A1BB1041}
	EndGlobalSection
EndGlobal
